
Microsoft Visual Studio Solution File, Format Version 12.00
# Visual Studio 15
VisualStudioVersion = 15.0.26730.10
MinimumVisualStudioVersion = 10.0.40219.1
Project("{FAE04EC0-301F-11D3-BF4B-00C04F79EFBC}") = "Core", "Core\Core.csproj", "{D2AB1926-DB0B-4A66-96C9-DB12AB721BA3}"
EndProject
Project("{FAE04EC0-301F-11D3-BF4B-00C04F79EFBC}") = "Model", "Model\Model.csproj", "{129334B2-FA80-4901-8462-07EBE9C22569}"
EndProject
Project("{FAE04EC0-301F-11D3-BF4B-00C04F79EFBC}") = "ModelConverter", "ModelConverter\ModelConverter.csproj", "{0FEAFA68-8EF3-42DE-92C2-7177B22CD164}"
EndProject
Project("{FAE04EC0-301F-11D3-BF4B-00C04F79EFBC}") = "ModelViewer", "ModelViewer\ModelViewer.csproj", "{AC21F5D7-9CC8-48A7-970A-2FAD03A63C1D}"
EndProject
Global
	GlobalSection(SolutionConfigurationPlatforms) = preSolution
		Debug|Any CPU = Debug|Any CPU
		Release|Any CPU = Release|Any CPU
	EndGlobalSection
	GlobalSection(ProjectConfigurationPlatforms) = postSolution
		{D2AB1926-DB0B-4A66-96C9-DB12AB721BA3}.Debug|Any CPU.ActiveCfg = Debug|Any CPU
		{D2AB1926-DB0B-4A66-96C9-DB12AB721BA3}.Debug|Any CPU.Build.0 = Debug|Any CPU
		{D2AB1926-DB0B-4A66-96C9-DB12AB721BA3}.Release|Any CPU.ActiveCfg = Release|Any CPU
		{D2AB1926-DB0B-4A66-96C9-DB12AB721BA3}.Release|Any CPU.Build.0 = Release|Any CPU
		{129334B2-FA80-4901-8462-07EBE9C22569}.Debug|Any CPU.ActiveCfg = Debug|Any CPU
		{129334B2-FA80-4901-8462-07EBE9C22569}.Debug|Any CPU.Build.0 = Debug|Any CPU
		{129334B2-FA80-4901-8462-07EBE9C22569}.Release|Any CPU.ActiveCfg = Release|Any CPU
		{129334B2-FA80-4901-8462-07EBE9C22569}.Release|Any CPU.Build.0 = Release|Any CPU
		{0FEAFA68-8EF3-42DE-92C2-7177B22CD164}.Debug|Any CPU.ActiveCfg = Debug|Any CPU
		{0FEAFA68-8EF3-42DE-92C2-7177B22CD164}.Debug|Any CPU.Build.0 = Debug|Any CPU
		{0FEAFA68-8EF3-42DE-92C2-7177B22CD164}.Release|Any CPU.ActiveCfg = Release|Any CPU
		{0FEAFA68-8EF3-42DE-92C2-7177B22CD164}.Release|Any CPU.Build.0 = Release|Any CPU
		{AC21F5D7-9CC8-48A7-970A-2FAD03A63C1D}.Debug|Any CPU.ActiveCfg = Debug|Any CPU
		{AC21F5D7-9CC8-48A7-970A-2FAD03A63C1D}.Debug|Any CPU.Build.0 = Debug|Any CPU
		{AC21F5D7-9CC8-48A7-970A-2FAD03A63C1D}.Release|Any CPU.ActiveCfg = Release|Any CPU
		{AC21F5D7-9CC8-48A7-970A-2FAD03A63C1D}.Release|Any CPU.Build.0 = Release|Any CPU
	EndGlobalSection
	GlobalSection(SolutionProperties) = preSolution
		HideSolutionNode = FALSE
	EndGlobalSection
	GlobalSection(ExtensibilityGlobals) = postSolution
		SolutionGuid = {8447B8A3-D20B-4683-876D-73FBDEB1D213}
	EndGlobalSection
EndGlobal
